
Microsoft Visual Studio Solution File, Format Version 12.00
# Visual Studio Version 17
VisualStudioVersion = 17.14.36623.8
MinimumVisualStudioVersion = 10.0.40219.1
Project("{FAE04EC0-301F-11D3-BF4B-00C04F79EFBC}") = "vatSysLauncher", "vatSysLauncher\vatSysLauncher.csproj", "{CC027B6A-7C44-456B-968D-9275EEAE3105}"
EndProject
Global
	GlobalSection(SolutionConfigurationPlatforms) = preSolution
		Debug|Any CPU = Debug|Any CPU
		Release|Any CPU = Release|Any CPU
	EndGlobalSection
	GlobalSection(ProjectConfigurationPlatforms) = postSolution
		{CC027B6A-7C44-456B-968D-9275EEAE3105}.Debug|Any CPU.ActiveCfg = Debug|Any CPU
		{CC027B6A-7C44-456B-968D-9275EEAE3105}.Debug|Any CPU.Build.0 = Debug|Any CPU
		{CC027B6A-7C44-456B-968D-9275EEAE3105}.Release|Any CPU.ActiveCfg = Release|Any CPU
		{CC027B6A-7C44-456B-968D-9275EEAE3105}.Release|Any CPU.Build.0 = Release|Any CPU
	EndGlobalSection
	GlobalSection(SolutionProperties) = preSolution
		HideSolutionNode = FALSE
	EndGlobalSection
	GlobalSection(ExtensibilityGlobals) = postSolution
		SolutionGuid = {848D9F30-580E-4FAA-947A-57C1F0240632}
	EndGlobalSection
EndGlobal
